// !$*UTF8*$!
{
	archiveVersion = 1;
	classes = {
	};
	objectVersion = 50;
	objects = {

/* Begin PBXBuildFile section */
		156F130C24B288CB000372D0 /* AppDelegate.swift in Sources */ = {isa = PBXBuildFile; fileRef = 156F130B24B288CB000372D0 /* AppDelegate.swift */; };
		156F130E24B288CB000372D0 /* SceneDelegate.swift in Sources */ = {isa = PBXBuildFile; fileRef = 156F130D24B288CB000372D0 /* SceneDelegate.swift */; };
		156F131024B288CB000372D0 /* ContentView.swift in Sources */ = {isa = PBXBuildFile; fileRef = 156F130F24B288CB000372D0 /* ContentView.swift */; };
		156F131224B288CC000372D0 /* Assets.xcassets in Resources */ = {isa = PBXBuildFile; fileRef = 156F131124B288CC000372D0 /* Assets.xcassets */; };
		156F131524B288CC000372D0 /* Preview Assets.xcassets in Resources */ = {isa = PBXBuildFile; fileRef = 156F131424B288CC000372D0 /* Preview Assets.xcassets */; };
		156F131824B288CC000372D0 /* LaunchScreen.storyboard in Resources */ = {isa = PBXBuildFile; fileRef = 156F131624B288CC000372D0 /* LaunchScreen.storyboard */; };
		156F132324B288CC000372D0 /* MemorizeTests.swift in Sources */ = {isa = PBXBuildFile; fileRef = 156F132224B288CC000372D0 /* MemorizeTests.swift */; };
		156F132E24B288CC000372D0 /* MemorizeUITests.swift in Sources */ = {isa = PBXBuildFile; fileRef = 156F132D24B288CC000372D0 /* MemorizeUITests.swift */; };
		53D8D80C25239BD6007D21D8 /* MemoryGame.swift in Sources */ = {isa = PBXBuildFile; fileRef = 53D8D80B25239BD6007D21D8 /* MemoryGame.swift */; };
		53D8D81125239E4D007D21D8 /* EmojiMemoryGame.swift in Sources */ = {isa = PBXBuildFile; fileRef = 53D8D81025239E4D007D21D8 /* EmojiMemoryGame.swift */; };
/* End PBXBuildFile section */

/* Begin PBXContainerItemProxy section */
		156F131F24B288CC000372D0 /* PBXContainerItemProxy */ = {
			isa = PBXContainerItemProxy;
			containerPortal = 156F130024B288CB000372D0 /* Project object */;
			proxyType = 1;
			remoteGlobalIDString = 156F130724B288CB000372D0;
			remoteInfo = Memorize;
		};
		156F132A24B288CC000372D0 /* PBXContainerItemProxy */ = {
			isa = PBXContainerItemProxy;
			containerPortal = 156F130024B288CB000372D0 /* Project object */;
			proxyType = 1;
			remoteGlobalIDString = 156F130724B288CB000372D0;
			remoteInfo = Memorize;
		};
/* End PBXContainerItemProxy section */

/* Begin PBXFileReference section */
		156F130824B288CB000372D0 /* Memorize.app */ = {isa = PBXFileReference; explicitFileType = wrapper.application; includeInIndex = 0; path = Memorize.app; sourceTree = BUILT_PRODUCTS_DIR; };
		156F130B24B288CB000372D0 /* AppDelegate.swift */ = {isa = PBXFileReference; lastKnownFileType = sourcecode.swift; path = AppDelegate.swift; sourceTree = "<group>"; };
		156F130D24B288CB000372D0 /* SceneDelegate.swift */ = {isa = PBXFileReference; lastKnownFileType = sourcecode.swift; path = SceneDelegate.swift; sourceTree = "<group>"; };
		156F130F24B288CB000372D0 /* ContentView.swift */ = {isa = PBXFileReference; lastKnownFileType = sourcecode.swift; path = ContentView.swift; sourceTree = "<group>"; };
		156F131124B288CC000372D0 /* Assets.xcassets */ = {isa = PBXFileReference; lastKnownFileType = folder.assetcatalog; path = Assets.xcassets; sourceTree = "<group>"; };
		156F131424B288CC000372D0 /* Preview Assets.xcassets */ = {isa = PBXFileReference; lastKnownFileType = folder.assetcatalog; path = "Preview Assets.xcassets"; sourceTree = "<group>"; };
		156F131724B288CC000372D0 /* Base */ = {isa = PBXFileReference; lastKnownFileType = file.storyboard; name = Base; path = Base.lproj/LaunchScreen.storyboard; sourceTree = "<group>"; };
		156F131924B288CC000372D0 /* Info.plist */ = {isa = PBXFileReference; lastKnownFileType = text.plist.xml; path = Info.plist; sourceTree = "<group>"; };
		156F131E24B288CC000372D0 /* MemorizeTests.xctest */ = {isa = PBXFileReference; explicitFileType = wrapper.cfbundle; includeInIndex = 0; path = MemorizeTests.xctest; sourceTree = BUILT_PRODUCTS_DIR; };
		156F132224B288CC000372D0 /* MemorizeTests.swift */ = {isa = PBXFileReference; lastKnownFileType = sourcecode.swift; path = MemorizeTests.swift; sourceTree = "<group>"; };
		156F132424B288CC000372D0 /* Info.plist */ = {isa = PBXFileReference; lastKnownFileType = text.plist.xml; path = Info.plist; sourceTree = "<group>"; };
		156F132924B288CC000372D0 /* MemorizeUITests.xctest */ = {isa = PBXFileReference; explicitFileType = wrapper.cfbundle; includeInIndex = 0; path = MemorizeUITests.xctest; sourceTree = BUILT_PRODUCTS_DIR; };
		156F132D24B288CC000372D0 /* MemorizeUITests.swift */ = {isa = PBXFileReference; lastKnownFileType = sourcecode.swift; path = MemorizeUITests.swift; sourceTree = "<group>"; };
		156F132F24B288CC000372D0 /* Info.plist */ = {isa = PBXFileReference; lastKnownFileType = text.plist.xml; path = Info.plist; sourceTree = "<group>"; };
		53D8D80B25239BD6007D21D8 /* MemoryGame.swift */ = {isa = PBXFileReference; lastKnownFileType = sourcecode.swift; path = MemoryGame.swift; sourceTree = "<group>"; };
		53D8D81025239E4D007D21D8 /* EmojiMemoryGame.swift */ = {isa = PBXFileReference; lastKnownFileType = sourcecode.swift; path = EmojiMemoryGame.swift; sourceTree = "<group>"; };
/* End PBXFileReference section */

/* Begin PBXFrameworksBuildPhase section */
		156F130524B288CB000372D0 /* Frameworks */ = {
			isa = PBXFrameworksBuildPhase;
			buildActionMask = 2147483647;
			files = (
			);
			runOnlyForDeploymentPostprocessing = 0;
		};
		156F131B24B288CC000372D0 /* Frameworks */ = {
			isa = PBXFrameworksBuildPhase;
			buildActionMask = 2147483647;
			files = (
			);
			runOnlyForDeploymentPostprocessing = 0;
		};
		156F132624B288CC000372D0 /* Frameworks */ = {
			isa = PBXFrameworksBuildPhase;
			buildActionMask = 2147483647;
			files = (
			);
			runOnlyForDeploymentPostprocessing = 0;
		};
/* End PBXFrameworksBuildPhase section */

/* Begin PBXGroup section */
		156F12FF24B288CB000372D0 = {
			isa = PBXGroup;
			children = (
				156F130A24B288CB000372D0 /* Memorize */,
				156F132124B288CC000372D0 /* MemorizeTests */,
				156F132C24B288CC000372D0 /* MemorizeUITests */,
				156F130924B288CB000372D0 /* Products */,
			);
			sourceTree = "<group>";
		};
		156F130924B288CB000372D0 /* Products */ = {
			isa = PBXGroup;
			children = (
				156F130824B288CB000372D0 /* Memorize.app */,
				156F131E24B288CC000372D0 /* MemorizeTests.xctest */,
				156F132924B288CC000372D0 /* MemorizeUITests.xctest */,
			);
			name = Products;
			sourceTree = "<group>";
		};
		156F130A24B288CB000372D0 /* Memorize */ = {
			isa = PBXGroup;
			children = (
				156F130B24B288CB000372D0 /* AppDelegate.swift */,
				156F130D24B288CB000372D0 /* SceneDelegate.swift */,
				156F130F24B288CB000372D0 /* ContentView.swift */,
				156F131124B288CC000372D0 /* Assets.xcassets */,
				156F131624B288CC000372D0 /* LaunchScreen.storyboard */,
				156F131924B288CC000372D0 /* Info.plist */,
				156F131324B288CC000372D0 /* Preview Content */,
				53D8D80B25239BD6007D21D8 /* MemoryGame.swift */,
				53D8D81025239E4D007D21D8 /* EmojiMemoryGame.swift */,
			);
			path = Memorize;
			sourceTree = "<group>";
		};
		156F131324B288CC000372D0 /* Preview Content */ = {
			isa = PBXGroup;
			children = (
				156F131424B288CC000372D0 /* Preview Assets.xcassets */,
			);
			path = "Preview Content";
			sourceTree = "<group>";
		};
		156F132124B288CC000372D0 /* MemorizeTests */ = {
			isa = PBXGroup;
			children = (
				156F132224B288CC000372D0 /* MemorizeTests.swift */,
				156F132424B288CC000372D0 /* Info.plist */,
			);
			path = MemorizeTests;
			sourceTree = "<group>";
		};
		156F132C24B288CC000372D0 /* MemorizeUITests */ = {
			isa = PBXGroup;
			children = (
				156F132D24B288CC000372D0 /* MemorizeUITests.swift */,
				156F132F24B288CC000372D0 /* Info.plist */,
			);
			path = MemorizeUITests;
			sourceTree = "<group>";
		};
/* End PBXGroup section */

/* Begin PBXNativeTarget section */
		156F130724B288CB000372D0 /* Memorize */ = {
			isa = PBXNativeTarget;
			buildConfigurationList = 156F133224B288CC000372D0 /* Build configuration list for PBXNativeTarget "Memorize" */;
			buildPhases = (
				156F130424B288CB000372D0 /* Sources */,
				156F130524B288CB000372D0 /* Frameworks */,
				156F130624B288CB000372D0 /* Resources */,
			);
			buildRules = (
			);
			dependencies = (
			);
			name = Memorize;
			productName = Memorize;
			productReference = 156F130824B288CB000372D0 /* Memorize.app */;
			productType = "com.apple.product-type.application";
		};
		156F131D24B288CC000372D0 /* MemorizeTests */ = {
			isa = PBXNativeTarget;
			buildConfigurationList = 156F133524B288CC000372D0 /* Build configuration list for PBXNativeTarget "MemorizeTests" */;
			buildPhases = (
				156F131A24B288CC000372D0 /* Sources */,
				156F131B24B288CC000372D0 /* Frameworks */,
				156F131C24B288CC000372D0 /* Resources */,
			);
			buildRules = (
			);
			dependencies = (
				156F132024B288CC000372D0 /* PBXTargetDependency */,
			);
			name = MemorizeTests;
			productName = MemorizeTests;
			productReference = 156F131E24B288CC000372D0 /* MemorizeTests.xctest */;
			productType = "com.apple.product-type.bundle.unit-test";
		};
		156F132824B288CC000372D0 /* MemorizeUITests */ = {
			isa = PBXNativeTarget;
			buildConfigurationList = 156F133824B288CC000372D0 /* Build configuration list for PBXNativeTarget "MemorizeUITests" */;
			buildPhases = (
				156F132524B288CC000372D0 /* Sources */,
				156F132624B288CC000372D0 /* Frameworks */,
				156F132724B288CC000372D0 /* Resources */,
			);
			buildRules = (
			);
			dependencies = (
				156F132B24B288CC000372D0 /* PBXTargetDependency */,
			);
			name = MemorizeUITests;
			productName = MemorizeUITests;
			productReference = 156F132924B288CC000372D0 /* MemorizeUITests.xctest */;
			productType = "com.apple.product-type.bundle.ui-testing";
		};
/* End PBXNativeTarget section */

/* Begin PBXProject section */
		156F130024B288CB000372D0 /* Project object */ = {
			isa = PBXProject;
			attributes = {
				LastSwiftUpdateCheck = 1150;
				LastUpgradeCheck = 1150;
				ORGANIZATIONNAME = Involves;
				TargetAttributes = {
					156F130724B288CB000372D0 = {
						CreatedOnToolsVersion = 11.5;
					};
					156F131D24B288CC000372D0 = {
						CreatedOnToolsVersion = 11.5;
						TestTargetID = 156F130724B288CB000372D0;
					};
					156F132824B288CC000372D0 = {
						CreatedOnToolsVersion = 11.5;
						TestTargetID = 156F130724B288CB000372D0;
					};
				};
			};
			buildConfigurationList = 156F130324B288CB000372D0 /* Build configuration list for PBXProject "Memorize" */;
			compatibilityVersion = "Xcode 9.3";
			developmentRegion = en;
			hasScannedForEncodings = 0;
			knownRegions = (
				en,
				Base,
			);
			mainGroup = 156F12FF24B288CB000372D0;
			productRefGroup = 156F130924B288CB000372D0 /* Products */;
			projectDirPath = "";
			projectRoot = "";
			targets = (
				156F130724B288CB000372D0 /* Memorize */,
				156F131D24B288CC000372D0 /* MemorizeTests */,
				156F132824B288CC000372D0 /* MemorizeUITests */,
			);
		};
/* End PBXProject section */

/* Begin PBXResourcesBuildPhase section */
		156F130624B288CB000372D0 /* Resources */ = {
			isa = PBXResourcesBuildPhase;
			buildActionMask = 2147483647;
			files = (
				156F131824B288CC000372D0 /* LaunchScreen.storyboard in Resources */,
				156F131524B288CC000372D0 /* Preview Assets.xcassets in Resources */,
				156F131224B288CC000372D0 /* Assets.xcassets in Resources */,
			);
			runOnlyForDeploymentPostprocessing = 0;
		};
		156F131C24B288CC000372D0 /* Resources */ = {
			isa = PBXResourcesBuildPhase;
			buildActionMask = 2147483647;
			files = (
			);
			runOnlyForDeploymentPostprocessing = 0;
		};
		156F132724B288CC000372D0 /* Resources */ = {
			isa = PBXResourcesBuildPhase;
			buildActionMask = 2147483647;
			files = (
			);
			runOnlyForDeploymentPostprocessing = 0;
		};
/* End PBXResourcesBuildPhase section */

/* Begin PBXSourcesBuildPhase section */
		156F130424B288CB000372D0 /* Sources */ = {
			isa = PBXSourcesBuildPhase;
			buildActionMask = 2147483647;
			files = (
				156F130C24B288CB000372D0 /* AppDelegate.swift in Sources */,
				156F130E24B288CB000372D0 /* SceneDelegate.swift in Sources */,
				53D8D80C25239BD6007D21D8 /* MemoryGame.swift in Sources */,
				156F131024B288CB000372D0 /* ContentView.swift in Sources */,
				53D8D81125239E4D007D21D8 /* EmojiMemoryGame.swift in Sources */,
			);
			runOnlyForDeploymentPostprocessing = 0;
		};
		156F131A24B288CC000372D0 /* Sources */ = {
			isa = PBXSourcesBuildPhase;
			buildActionMask = 2147483647;
			files = (
				156F132324B288CC000372D0 /* MemorizeTests.swift in Sources */,
			);
			runOnlyForDeploymentPostprocessing = 0;
		};
		156F132524B288CC000372D0 /* Sources */ = {
			isa = PBXSourcesBuildPhase;
			buildActionMask = 2147483647;
			files = (
				156F132E24B288CC000372D0 /* MemorizeUITests.swift in Sources */,
			);
			runOnlyForDeploymentPostprocessing = 0;
		};
/* End PBXSourcesBuildPhase section */

/* Begin PBXTargetDependency section */
		156F132024B288CC000372D0 /* PBXTargetDependency */ = {
			isa = PBXTargetDependency;
			target = 156F130724B288CB000372D0 /* Memorize */;
			targetProxy = 156F131F24B288CC000372D0 /* PBXContainerItemProxy */;
		};
		156F132B24B288CC000372D0 /* PBXTargetDependency */ = {
			isa = PBXTargetDependency;
			target = 156F130724B288CB000372D0 /* Memorize */;
			targetProxy = 156F132A24B288CC000372D0 /* PBXContainerItemProxy */;
		};
/* End PBXTargetDependency section */

/* Begin PBXVariantGroup section */
		156F131624B288CC000372D0 /* LaunchScreen.storyboard */ = {
			isa = PBXVariantGroup;
			children = (
				156F131724B288CC000372D0 /* Base */,
			);
			name = LaunchScreen.storyboard;
			sourceTree = "<group>";
		};
/* End PBXVariantGroup section */

/* Begin XCBuildConfiguration section */
		156F133024B288CC000372D0 /* Debug */ = {
			isa = XCBuildConfiguration;
			buildSettings = {
				ALWAYS_SEARCH_USER_PATHS = NO;
				CLANG_ANALYZER_NONNULL = YES;
				CLANG_ANALYZER_NUMBER_OBJECT_CONVERSION = YES_AGGRESSIVE;
				CLANG_CXX_LANGUAGE_STANDARD = "gnu++14";
				CLANG_CXX_LIBRARY = "libc++";
				CLANG_ENABLE_MODULES = YES;
				CLANG_ENABLE_OBJC_ARC = YES;
				CLANG_ENABLE_OBJC_WEAK = YES;
				CLANG_WARN_BLOCK_CAPTURE_AUTORELEASING = YES;
				CLANG_WARN_BOOL_CONVERSION = YES;
				CLANG_WARN_COMMA = YES;
				CLANG_WARN_CONSTANT_CONVERSION = YES;
				CLANG_WARN_DEPRECATED_OBJC_IMPLEMENTATIONS = YES;
				CLANG_WARN_DIRECT_OBJC_ISA_USAGE = YES_ERROR;
				CLANG_WARN_DOCUMENTATION_COMMENTS = YES;
				CLANG_WARN_EMPTY_BODY = YES;
				CLANG_WARN_ENUM_CONVERSION = YES;
				CLANG_WARN_INFINITE_RECURSION = YES;
				CLANG_WARN_INT_CONVERSION = YES;
				CLANG_WARN_NON_LITERAL_NULL_CONVERSION = YES;
				CLANG_WARN_OBJC_IMPLICIT_RETAIN_SELF = YES;
				CLANG_WARN_OBJC_LITERAL_CONVERSION = YES;
				CLANG_WARN_OBJC_ROOT_CLASS = YES_ERROR;
				CLANG_WARN_RANGE_LOOP_ANALYSIS = YES;
				CLANG_WARN_STRICT_PROTOTYPES = YES;
				CLANG_WARN_SUSPICIOUS_MOVE = YES;
				CLANG_WARN_UNGUARDED_AVAILABILITY = YES_AGGRESSIVE;
				CLANG_WARN_UNREACHABLE_CODE = YES;
				CLANG_WARN__DUPLICATE_METHOD_MATCH = YES;
				COPY_PHASE_STRIP = NO;
				DEBUG_INFORMATION_FORMAT = dwarf;
				ENABLE_STRICT_OBJC_MSGSEND = YES;
				ENABLE_TESTABILITY = YES;
				GCC_C_LANGUAGE_STANDARD = gnu11;
				GCC_DYNAMIC_NO_PIC = NO;
				GCC_NO_COMMON_BLOCKS = YES;
				GCC_OPTIMIZATION_LEVEL = 0;
				GCC_PREPROCESSOR_DEFINITIONS = (
					"DEBUG=1",
					"$(inherited)",
				);
				GCC_WARN_64_TO_32_BIT_CONVERSION = YES;
				GCC_WARN_ABOUT_RETURN_TYPE = YES_ERROR;
				GCC_WARN_UNDECLARED_SELECTOR = YES;
				GCC_WARN_UNINITIALIZED_AUTOS = YES_AGGRESSIVE;
				GCC_WARN_UNUSED_FUNCTION = YES;
				GCC_WARN_UNUSED_VARIABLE = YES;
				IPHONEOS_DEPLOYMENT_TARGET = 13.5;
				MTL_ENABLE_DEBUG_INFO = INCLUDE_SOURCE;
				MTL_FAST_MATH = YES;
				ONLY_ACTIVE_ARCH = YES;
				SDKROOT = iphoneos;
				SWIFT_ACTIVE_COMPILATION_CONDITIONS = DEBUG;
				SWIFT_OPTIMIZATION_LEVEL = "-Onone";
			};
			name = Debug;
		};
		156F133124B288CC000372D0 /* Release */ = {
			isa = XCBuildConfiguration;
			buildSettings = {
				ALWAYS_SEARCH_USER_PATHS = NO;
				CLANG_ANALYZER_NONNULL = YES;
				CLANG_ANALYZER_NUMBER_OBJECT_CONVERSION = YES_AGGRESSIVE;
				CLANG_CXX_LANGUAGE_STANDARD = "gnu++14";
				CLANG_CXX_LIBRARY = "libc++";
				CLANG_ENABLE_MODULES = YES;
				CLANG_ENABLE_OBJC_ARC = YES;
				CLANG_ENABLE_OBJC_WEAK = YES;
				CLANG_WARN_BLOCK_CAPTURE_AUTORELEASING = YES;
				CLANG_WARN_BOOL_CONVERSION = YES;
				CLANG_WARN_COMMA = YES;
				CLANG_WARN_CONSTANT_CONVERSION = YES;
				CLANG_WARN_DEPRECATED_OBJC_IMPLEMENTATIONS = YES;
				CLANG_WARN_DIRECT_OBJC_ISA_USAGE = YES_ERROR;
				CLANG_WARN_DOCUMENTATION_COMMENTS = YES;
				CLANG_WARN_EMPTY_BODY = YES;
				CLANG_WARN_ENUM_CONVERSION = YES;
				CLANG_WARN_INFINITE_RECURSION = YES;
				CLANG_WARN_INT_CONVERSION = YES;
				CLANG_WARN_NON_LITERAL_NULL_CONVERSION = YES;
				CLANG_WARN_OBJC_IMPLICIT_RETAIN_SELF = YES;
				CLANG_WARN_OBJC_LITERAL_CONVERSION = YES;
				CLANG_WARN_OBJC_ROOT_CLASS = YES_ERROR;
				CLANG_WARN_RANGE_LOOP_ANALYSIS = YES;
				CLANG_WARN_STRICT_PROTOTYPES = YES;
				CLANG_WARN_SUSPICIOUS_MOVE = YES;
				CLANG_WARN_UNGUARDED_AVAILABILITY = YES_AGGRESSIVE;
				CLANG_WARN_UNREACHABLE_CODE = YES;
				CLANG_WARN__DUPLICATE_METHOD_MATCH = YES;
				COPY_PHASE_STRIP = NO;
				DEBUG_INFORMATION_FORMAT = "dwarf-with-dsym";
				ENABLE_NS_ASSERTIONS = NO;
				ENABLE_STRICT_OBJC_MSGSEND = YES;
				GCC_C_LANGUAGE_STANDARD = gnu11;
				GCC_NO_COMMON_BLOCKS = YES;
				GCC_WARN_64_TO_32_BIT_CONVERSION = YES;
				GCC_WARN_ABOUT_RETURN_TYPE = YES_ERROR;
				GCC_WARN_UNDECLARED_SELECTOR = YES;
				GCC_WARN_UNINITIALIZED_AUTOS = YES_AGGRESSIVE;
				GCC_WARN_UNUSED_FUNCTION = YES;
				GCC_WARN_UNUSED_VARIABLE = YES;
				IPHONEOS_DEPLOYMENT_TARGET = 13.5;
				MTL_ENABLE_DEBUG_INFO = NO;
				MTL_FAST_MATH = YES;
				SDKROOT = iphoneos;
				SWIFT_COMPILATION_MODE = wholemodule;
				SWIFT_OPTIMIZATION_LEVEL = "-O";
				VALIDATE_PRODUCT = YES;
			};
			name = Release;
		};
		156F133324B288CC000372D0 /* Debug */ = {
			isa = XCBuildConfiguration;
			buildSettings = {
				ASSETCATALOG_COMPILER_APPICON_NAME = AppIcon;
				CODE_SIGN_STYLE = Automatic;
				DEVELOPMENT_ASSET_PATHS = "\"Memorize/Preview Content\"";
				DEVELOPMENT_TEAM = J9FU5BS8Y2;
				ENABLE_PREVIEWS = YES;
				INFOPLIST_FILE = Memorize/Info.plist;
				LD_RUNPATH_SEARCH_PATHS = (
					"$(inherited)",
					"@executable_path/Frameworks",
				);
				PRODUCT_BUNDLE_IDENTIFIER = involves.Memorize;
				PRODUCT_NAME = "$(TARGET_NAME)";
				SWIFT_VERSION = 5.0;
				TARGETED_DEVICE_FAMILY = "1,2";
			};
			name = Debug;
		};
		156F133424B288CC000372D0 /* Release */ = {
			isa = XCBuildConfiguration;
			buildSettings = {
				ASSETCATALOG_COMPILER_APPICON_NAME = AppIcon;
				CODE_SIGN_STYLE = Automatic;
				DEVELOPMENT_ASSET_PATHS = "\"Memorize/Preview Content\"";
				DEVELOPMENT_TEAM = J9FU5BS8Y2;
				ENABLE_PREVIEWS = YES;
				INFOPLIST_FILE = Memorize/Info.plist;
				LD_RUNPATH_SEARCH_PATHS = (
					"$(inherited)",
					"@executable_path/Frameworks",
				);
				PRODUCT_BUNDLE_IDENTIFIER = involves.Memorize;
				PRODUCT_NAME = "$(TARGET_NAME)";
				SWIFT_VERSION = 5.0;
				TARGETED_DEVICE_FAMILY = "1,2";
			};
			name = Release;
		};
		156F133624B288CC000372D0 /* Debug */ = {
			isa = XCBuildConfiguration;
			buildSettings = {
				ALWAYS_EMBED_SWIFT_STANDARD_LIBRARIES = YES;
				BUNDLE_LOADER = "$(TEST_HOST)";
				CODE_SIGN_STYLE = Automatic;
				DEVELOPMENT_TEAM = J9FU5BS8Y2;
				INFOPLIST_FILE = MemorizeTests/Info.plist;
				IPHONEOS_DEPLOYMENT_TARGET = 13.5;
				LD_RUNPATH_SEARCH_PATHS = (
					"$(inherited)",
					"@executable_path/Frameworks",
					"@loader_path/Frameworks",
				);
				PRODUCT_BUNDLE_IDENTIFIER = involves.MemorizeTests;
				PRODUCT_NAME = "$(TARGET_NAME)";
				SWIFT_VERSION = 5.0;
				TARGETED_DEVICE_FAMILY = "1,2";
				TEST_HOST = "$(BUILT_PRODUCTS_DIR)/Memorize.app/Memorize";
			};
			name = Debug;
		};
		156F133724B288CC000372D0 /* Release */ = {
			isa = XCBuildConfiguration;
			buildSettings = {
				ALWAYS_EMBED_SWIFT_STANDARD_LIBRARIES = YES;
				BUNDLE_LOADER = "$(TEST_HOST)";
				CODE_SIGN_STYLE = Automatic;
				DEVELOPMENT_TEAM = J9FU5BS8Y2;
				INFOPLIST_FILE = MemorizeTests/Info.plist;
				IPHONEOS_DEPLOYMENT_TARGET = 13.5;
				LD_RUNPATH_SEARCH_PATHS = (
					"$(inherited)",
					"@executable_path/Frameworks",
					"@loader_path/Frameworks",
				);
				PRODUCT_BUNDLE_IDENTIFIER = involves.MemorizeTests;
				PRODUCT_NAME = "$(TARGET_NAME)";
				SWIFT_VERSION = 5.0;
				TARGETED_DEVICE_FAMILY = "1,2";
				TEST_HOST = "$(BUILT_PRODUCTS_DIR)/Memorize.app/Memorize";
			};
			name = Release;
		};
		156F133924B288CC000372D0 /* Debug */ = {
			isa = XCBuildConfiguration;
			buildSettings = {
				ALWAYS_EMBED_SWIFT_STANDARD_LIBRARIES = YES;
				CODE_SIGN_STYLE = Automatic;
				DEVELOPMENT_TEAM = J9FU5BS8Y2;
				INFOPLIST_FILE = MemorizeUITests/Info.plist;
				LD_RUNPATH_SEARCH_PATHS = (
					"$(inherited)",
					"@executable_path/Frameworks",
					"@loader_path/Frameworks",
				);
				PRODUCT_BUNDLE_IDENTIFIER = involves.MemorizeUITests;
				PRODUCT_NAME = "$(TARGET_NAME)";
				SWIFT_VERSION = 5.0;
				TARGETED_DEVICE_FAMILY = "1,2";
				TEST_TARGET_NAME = Memorize;
			};
			name = Debug;
		};
		156F133A24B288CC000372D0 /* Release */ = {
			isa = XCBuildConfiguration;
			buildSettings = {
				ALWAYS_EMBED_SWIFT_STANDARD_LIBRARIES = YES;
				CODE_SIGN_STYLE = Automatic;
				DEVELOPMENT_TEAM = J9FU5BS8Y2;
				INFOPLIST_FILE = MemorizeUITests/Info.plist;
				LD_RUNPATH_SEARCH_PATHS = (
					"$(inherited)",
					"@executable_path/Frameworks",
					"@loader_path/Frameworks",
				);
				PRODUCT_BUNDLE_IDENTIFIER = involves.MemorizeUITests;
				PRODUCT_NAME = "$(TARGET_NAME)";
				SWIFT_VERSION = 5.0;
				TARGETED_DEVICE_FAMILY = "1,2";
				TEST_TARGET_NAME = Memorize;
			};
			name = Release;
		};
/* End XCBuildConfiguration section */

/* Begin XCConfigurationList section */
		156F130324B288CB000372D0 /* Build configuration list for PBXProject "Memorize" */ = {
			isa = XCConfigurationList;
			buildConfigurations = (
				156F133024B288CC000372D0 /* Debug */,
				156F133124B288CC000372D0 /* Release */,
			);
			defaultConfigurationIsVisible = 0;
			defaultConfigurationName = Release;
		};
		156F133224B288CC000372D0 /* Build configuration list for PBXNativeTarget "Memorize" */ = {
			isa = XCConfigurationList;
			buildConfigurations = (
				156F133324B288CC000372D0 /* Debug */,
				156F133424B288CC000372D0 /* Release */,
			);
			defaultConfigurationIsVisible = 0;
			defaultConfigurationName = Release;
		};
		156F133524B288CC000372D0 /* Build configuration list for PBXNativeTarget "MemorizeTests" */ = {
			isa = XCConfigurationList;
			buildConfigurations = (
				156F133624B288CC000372D0 /* Debug */,
				156F133724B288CC000372D0 /* Release */,
			);
			defaultConfigurationIsVisible = 0;
			defaultConfigurationName = Release;
		};
		156F133824B288CC000372D0 /* Build configuration list for PBXNativeTarget "MemorizeUITests" */ = {
			isa = XCConfigurationList;
			buildConfigurations = (
				156F133924B288CC000372D0 /* Debug */,
				156F133A24B288CC000372D0 /* Release */,
			);
			defaultConfigurationIsVisible = 0;
			defaultConfigurationName = Release;
		};
/* End XCConfigurationList section */
	};
	rootObject = 156F130024B288CB000372D0 /* Project object */;
}
